// !$*UTF8*$!
{
	archiveVersion = 1;
	classes = {
	};
	objectVersion = 46;
	objects = {

/* Begin PBXBuildFile section */
		8780D8CB1F3ED3A900CD64D4 /* circle.cpp in Sources */ = {isa = PBXBuildFile; fileRef = 8780D8CA1F3ED3A900CD64D4 /* circle.cpp */; };
		87C255841FA8591C00E327F8 /* libopencv_video.2.4.13.dylib in Frameworks */ = {isa = PBXBuildFile; fileRef = 87C2554E1FA8591300E327F8 /* libopencv_video.2.4.13.dylib */; };
		87C255851FA8591C00E327F8 /* libopencv_stitching.2.4.13.dylib in Frameworks */ = {isa = PBXBuildFile; fileRef = 87C2554F1FA8591300E327F8 /* libopencv_stitching.2.4.13.dylib */; };
		87C255861FA8591C00E327F8 /* libopencv_superres.2.4.13.dylib in Frameworks */ = {isa = PBXBuildFile; fileRef = 87C255501FA8591300E327F8 /* libopencv_superres.2.4.13.dylib */; };
		87C255871FA8591C00E327F8 /* libopencv_photo.2.4.13.dylib in Frameworks */ = {isa = PBXBuildFile; fileRef = 87C255511FA8591300E327F8 /* libopencv_photo.2.4.13.dylib */; };
		87C255881FA8591C00E327F8 /* libopencv_superres.2.4.dylib in Frameworks */ = {isa = PBXBuildFile; fileRef = 87C255521FA8591300E327F8 /* libopencv_superres.2.4.dylib */; };
		87C255891FA8591C00E327F8 /* libopencv_photo.2.4.dylib in Frameworks */ = {isa = PBXBuildFile; fileRef = 87C255531FA8591300E327F8 /* libopencv_photo.2.4.dylib */; };
		87C2558A1FA8591C00E327F8 /* libopencv_nonfree.2.4.dylib in Frameworks */ = {isa = PBXBuildFile; fileRef = 87C255541FA8591300E327F8 /* libopencv_nonfree.2.4.dylib */; };
		87C2558B1FA8591C00E327F8 /* libopencv_imgproc.dylib in Frameworks */ = {isa = PBXBuildFile; fileRef = 87C255551FA8591400E327F8 /* libopencv_imgproc.dylib */; };
		87C2558C1FA8591C00E327F8 /* libopencv_features2d.dylib in Frameworks */ = {isa = PBXBuildFile; fileRef = 87C255561FA8591400E327F8 /* libopencv_features2d.dylib */; };
		87C2558D1FA8591C00E327F8 /* libopencv_video.2.4.dylib in Frameworks */ = {isa = PBXBuildFile; fileRef = 87C255571FA8591400E327F8 /* libopencv_video.2.4.dylib */; };
		87C2558E1FA8591C00E327F8 /* libopencv_videostab.2.4.dylib in Frameworks */ = {isa = PBXBuildFile; fileRef = 87C255581FA8591400E327F8 /* libopencv_videostab.2.4.dylib */; };
		87C2558F1FA8591C00E327F8 /* libopencv_ocl.2.4.dylib in Frameworks */ = {isa = PBXBuildFile; fileRef = 87C255591FA8591400E327F8 /* libopencv_ocl.2.4.dylib */; };
		87C255901FA8591C00E327F8 /* libopencv_flann.dylib in Frameworks */ = {isa = PBXBuildFile; fileRef = 87C2555A1FA8591400E327F8 /* libopencv_flann.dylib */; };
		87C255911FA8591C00E327F8 /* libopencv_gpu.dylib in Frameworks */ = {isa = PBXBuildFile; fileRef = 87C2555B1FA8591400E327F8 /* libopencv_gpu.dylib */; };
		87C255921FA8591C00E327F8 /* libopencv_photo.dylib in Frameworks */ = {isa = PBXBuildFile; fileRef = 87C2555C1FA8591400E327F8 /* libopencv_photo.dylib */; };
		87C255931FA8591C00E327F8 /* libopencv_core.2.4.dylib in Frameworks */ = {isa = PBXBuildFile; fileRef = 87C2555D1FA8591400E327F8 /* libopencv_core.2.4.dylib */; };
		87C255941FA8591C00E327F8 /* libopencv_stitching.dylib in Frameworks */ = {isa = PBXBuildFile; fileRef = 87C2555E1FA8591400E327F8 /* libopencv_stitching.dylib */; };
		87C255951FA8591C00E327F8 /* libopencv_contrib.dylib in Frameworks */ = {isa = PBXBuildFile; fileRef = 87C2555F1FA8591400E327F8 /* libopencv_contrib.dylib */; };
		87C255961FA8591C00E327F8 /* libopencv_calib3d.2.4.dylib in Frameworks */ = {isa = PBXBuildFile; fileRef = 87C255601FA8591500E327F8 /* libopencv_calib3d.2.4.dylib */; };
		87C255971FA8591C00E327F8 /* libopencv_legacy.dylib in Frameworks */ = {isa = PBXBuildFile; fileRef = 87C255611FA8591500E327F8 /* libopencv_legacy.dylib */; };
		87C255981FA8591C00E327F8 /* libopencv_features2d.2.4.dylib in Frameworks */ = {isa = PBXBuildFile; fileRef = 87C255621FA8591500E327F8 /* libopencv_features2d.2.4.dylib */; };
		87C255991FA8591C00E327F8 /* libopencv_flann.2.4.13.dylib in Frameworks */ = {isa = PBXBuildFile; fileRef = 87C255631FA8591500E327F8 /* libopencv_flann.2.4.13.dylib */; };
		87C2559A1FA8591C00E327F8 /* libopencv_nonfree.2.4.13.dylib in Frameworks */ = {isa = PBXBuildFile; fileRef = 87C255641FA8591500E327F8 /* libopencv_nonfree.2.4.13.dylib */; };
		87C2559B1FA8591D00E327F8 /* libopencv_stitching.2.4.dylib in Frameworks */ = {isa = PBXBuildFile; fileRef = 87C255651FA8591500E327F8 /* libopencv_stitching.2.4.dylib */; };
		87C2559C1FA8591D00E327F8 /* libopencv_ml.2.4.dylib in Frameworks */ = {isa = PBXBuildFile; fileRef = 87C255661FA8591500E327F8 /* libopencv_ml.2.4.dylib */; };
		87C2559D1FA8591D00E327F8 /* libopencv_nonfree.dylib in Frameworks */ = {isa = PBXBuildFile; fileRef = 87C255671FA8591600E327F8 /* libopencv_nonfree.dylib */; };
		87C2559E1FA8591D00E327F8 /* libopencv_objdetect.2.4.13.dylib in Frameworks */ = {isa = PBXBuildFile; fileRef = 87C255681FA8591600E327F8 /* libopencv_objdetect.2.4.13.dylib */; };
		87C2559F1FA8591D00E327F8 /* libopencv_gpu.2.4.13.dylib in Frameworks */ = {isa = PBXBuildFile; fileRef = 87C255691FA8591600E327F8 /* libopencv_gpu.2.4.13.dylib */; };
		87C255A01FA8591D00E327F8 /* libopencv_imgproc.2.4.13.dylib in Frameworks */ = {isa = PBXBuildFile; fileRef = 87C2556A1FA8591600E327F8 /* libopencv_imgproc.2.4.13.dylib */; };
		87C255A11FA8591D00E327F8 /* libopencv_superres.dylib in Frameworks */ = {isa = PBXBuildFile; fileRef = 87C2556B1FA8591600E327F8 /* libopencv_superres.dylib */; };
		87C255A21FA8591D00E327F8 /* libopencv_videostab.2.4.13.dylib in Frameworks */ = {isa = PBXBuildFile; fileRef = 87C2556C1FA8591700E327F8 /* libopencv_videostab.2.4.13.dylib */; };
		87C255A31FA8591D00E327F8 /* libopencv_core.2.4.13.dylib in Frameworks */ = {isa = PBXBuildFile; fileRef = 87C2556D1FA8591700E327F8 /* libopencv_core.2.4.13.dylib */; };
		87C255A41FA8591D00E327F8 /* libopencv_calib3d.2.4.13.dylib in Frameworks */ = {isa = PBXBuildFile; fileRef = 87C2556E1FA8591700E327F8 /* libopencv_calib3d.2.4.13.dylib */; };
		87C255A51FA8591D00E327F8 /* libopencv_gpu.2.4.dylib in Frameworks */ = {isa = PBXBuildFile; fileRef = 87C2556F1FA8591700E327F8 /* libopencv_gpu.2.4.dylib */; };
		87C255A61FA8591D00E327F8 /* libopencv_objdetect.dylib in Frameworks */ = {isa = PBXBuildFile; fileRef = 87C255701FA8591800E327F8 /* libopencv_objdetect.dylib */; };
		87C255A71FA8591D00E327F8 /* libopencv_ocl.dylib in Frameworks */ = {isa = PBXBuildFile; fileRef = 87C255711FA8591800E327F8 /* libopencv_ocl.dylib */; };
		87C255A81FA8591D00E327F8 /* libopencv_highgui.2.4.13.dylib in Frameworks */ = {isa = PBXBuildFile; fileRef = 87C255721FA8591800E327F8 /* libopencv_highgui.2.4.13.dylib */; };
		87C255A91FA8591D00E327F8 /* libopencv_ml.2.4.13.dylib in Frameworks */ = {isa = PBXBuildFile; fileRef = 87C255731FA8591800E327F8 /* libopencv_ml.2.4.13.dylib */; };
		87C255AA1FA8591D00E327F8 /* libopencv_video.dylib in Frameworks */ = {isa = PBXBuildFile; fileRef = 87C255741FA8591900E327F8 /* libopencv_video.dylib */; };
		87C255AB1FA8591D00E327F8 /* libopencv_imgproc.2.4.dylib in Frameworks */ = {isa = PBXBuildFile; fileRef = 87C255751FA8591900E327F8 /* libopencv_imgproc.2.4.dylib */; };
		87C255AC1FA8591D00E327F8 /* libopencv_core.dylib in Frameworks */ = {isa = PBXBuildFile; fileRef = 87C255761FA8591900E327F8 /* libopencv_core.dylib */; };
		87C255AD1FA8591D00E327F8 /* libopencv_flann.2.4.dylib in Frameworks */ = {isa = PBXBuildFile; fileRef = 87C255771FA8591900E327F8 /* libopencv_flann.2.4.dylib */; };
		87C255AE1FA8591D00E327F8 /* libopencv_videostab.dylib in Frameworks */ = {isa = PBXBuildFile; fileRef = 87C255781FA8591A00E327F8 /* libopencv_videostab.dylib */; };
		87C255AF1FA8591D00E327F8 /* libopencv_legacy.2.4.13.dylib in Frameworks */ = {isa = PBXBuildFile; fileRef = 87C255791FA8591A00E327F8 /* libopencv_legacy.2.4.13.dylib */; };
		87C255B01FA8591D00E327F8 /* libopencv_highgui.dylib in Frameworks */ = {isa = PBXBuildFile; fileRef = 87C2557A1FA8591A00E327F8 /* libopencv_highgui.dylib */; };
		87C255B11FA8591D00E327F8 /* libopencv_highgui.2.4.dylib in Frameworks */ = {isa = PBXBuildFile; fileRef = 87C2557B1FA8591A00E327F8 /* libopencv_highgui.2.4.dylib */; };
		87C255B21FA8591D00E327F8 /* libopencv_contrib.2.4.13.dylib in Frameworks */ = {isa = PBXBuildFile; fileRef = 87C2557C1FA8591B00E327F8 /* libopencv_contrib.2.4.13.dylib */; };
		87C255B31FA8591D00E327F8 /* libopencv_contrib.2.4.dylib in Frameworks */ = {isa = PBXBuildFile; fileRef = 87C2557D1FA8591B00E327F8 /* libopencv_contrib.2.4.dylib */; };
		87C255B41FA8591D00E327F8 /* libopencv_legacy.2.4.dylib in Frameworks */ = {isa = PBXBuildFile; fileRef = 87C2557E1FA8591B00E327F8 /* libopencv_legacy.2.4.dylib */; };
		87C255B51FA8591D00E327F8 /* libopencv_ml.dylib in Frameworks */ = {isa = PBXBuildFile; fileRef = 87C2557F1FA8591C00E327F8 /* libopencv_ml.dylib */; };
		87C255B61FA8591D00E327F8 /* libopencv_objdetect.2.4.dylib in Frameworks */ = {isa = PBXBuildFile; fileRef = 87C255801FA8591C00E327F8 /* libopencv_objdetect.2.4.dylib */; };
		87C255B71FA8591D00E327F8 /* libopencv_features2d.2.4.13.dylib in Frameworks */ = {isa = PBXBuildFile; fileRef = 87C255811FA8591C00E327F8 /* libopencv_features2d.2.4.13.dylib */; };
		87C255B81FA8591D00E327F8 /* libopencv_calib3d.dylib in Frameworks */ = {isa = PBXBuildFile; fileRef = 87C255821FA8591C00E327F8 /* libopencv_calib3d.dylib */; };
		87C255B91FA8591D00E327F8 /* libopencv_ocl.2.4.13.dylib in Frameworks */ = {isa = PBXBuildFile; fileRef = 87C255831FA8591C00E327F8 /* libopencv_ocl.2.4.13.dylib */; };
/* End PBXBuildFile section */

/* Begin PBXCopyFilesBuildPhase section */
		8780D8C51F3ED3A900CD64D4 /* CopyFiles */ = {
			isa = PBXCopyFilesBuildPhase;
			buildActionMask = 2147483647;
			dstPath = /usr/share/man/man1/;
			dstSubfolderSpec = 0;
			files = (
			);
			runOnlyForDeploymentPostprocessing = 1;
		};
/* End PBXCopyFilesBuildPhase section */

/* Begin PBXFileReference section */
		8780D8C71F3ED3A900CD64D4 /* HandDetectUsingCircle */ = {isa = PBXFileReference; explicitFileType = "compiled.mach-o.executable"; includeInIndex = 0; path = HandDetectUsingCircle; sourceTree = BUILT_PRODUCTS_DIR; };
		8780D8CA1F3ED3A900CD64D4 /* circle.cpp */ = {isa = PBXFileReference; lastKnownFileType = sourcecode.cpp.cpp; path = circle.cpp; sourceTree = "<group>"; };
		87C2554E1FA8591300E327F8 /* libopencv_video.2.4.13.dylib */ = {isa = PBXFileReference; lastKnownFileType = "compiled.mach-o.dylib"; name = libopencv_video.2.4.13.dylib; path = ../../../../usr/local/lib/libopencv_video.2.4.13.dylib; sourceTree = "<group>"; };
		87C2554F1FA8591300E327F8 /* libopencv_stitching.2.4.13.dylib */ = {isa = PBXFileReference; lastKnownFileType = "compiled.mach-o.dylib"; name = libopencv_stitching.2.4.13.dylib; path = ../../../../usr/local/lib/libopencv_stitching.2.4.13.dylib; sourceTree = "<group>"; };
		87C255501FA8591300E327F8 /* libopencv_superres.2.4.13.dylib */ = {isa = PBXFileReference; lastKnownFileType = "compiled.mach-o.dylib"; name = libopencv_superres.2.4.13.dylib; path = ../../../../usr/local/lib/libopencv_superres.2.4.13.dylib; sourceTree = "<group>"; };
		87C255511FA8591300E327F8 /* libopencv_photo.2.4.13.dylib */ = {isa = PBXFileReference; lastKnownFileType = "compiled.mach-o.dylib"; name = libopencv_photo.2.4.13.dylib; path = ../../../../usr/local/lib/libopencv_photo.2.4.13.dylib; sourceTree = "<group>"; };
		87C255521FA8591300E327F8 /* libopencv_superres.2.4.dylib */ = {isa = PBXFileReference; lastKnownFileType = "compiled.mach-o.dylib"; name = libopencv_superres.2.4.dylib; path = ../../../../usr/local/lib/libopencv_superres.2.4.dylib; sourceTree = "<group>"; };
		87C255531FA8591300E327F8 /* libopencv_photo.2.4.dylib */ = {isa = PBXFileReference; lastKnownFileType = "compiled.mach-o.dylib"; name = libopencv_photo.2.4.dylib; path = ../../../../usr/local/lib/libopencv_photo.2.4.dylib; sourceTree = "<group>"; };
		87C255541FA8591300E327F8 /* libopencv_nonfree.2.4.dylib */ = {isa = PBXFileReference; lastKnownFileType = "compiled.mach-o.dylib"; name = libopencv_nonfree.2.4.dylib; path = ../../../../usr/local/lib/libopencv_nonfree.2.4.dylib; sourceTree = "<group>"; };
		87C255551FA8591400E327F8 /* libopencv_imgproc.dylib */ = {isa = PBXFileReference; lastKnownFileType = "compiled.mach-o.dylib"; name = libopencv_imgproc.dylib; path = ../../../../usr/local/lib/libopencv_imgproc.dylib; sourceTree = "<group>"; };
		87C255561FA8591400E327F8 /* libopencv_features2d.dylib */ = {isa = PBXFileReference; lastKnownFileType = "compiled.mach-o.dylib"; name = libopencv_features2d.dylib; path = ../../../../usr/local/lib/libopencv_features2d.dylib; sourceTree = "<group>"; };
		87C255571FA8591400E327F8 /* libopencv_video.2.4.dylib */ = {isa = PBXFileReference; lastKnownFileType = "compiled.mach-o.dylib"; name = libopencv_video.2.4.dylib; path = ../../../../usr/local/lib/libopencv_video.2.4.dylib; sourceTree = "<group>"; };
		87C255581FA8591400E327F8 /* libopencv_videostab.2.4.dylib */ = {isa = PBXFileReference; lastKnownFileType = "compiled.mach-o.dylib"; name = libopencv_videostab.2.4.dylib; path = ../../../../usr/local/lib/libopencv_videostab.2.4.dylib; sourceTree = "<group>"; };
		87C255591FA8591400E327F8 /* libopencv_ocl.2.4.dylib */ = {isa = PBXFileReference; lastKnownFileType = "compiled.mach-o.dylib"; name = libopencv_ocl.2.4.dylib; path = ../../../../usr/local/lib/libopencv_ocl.2.4.dylib; sourceTree = "<group>"; };
		87C2555A1FA8591400E327F8 /* libopencv_flann.dylib */ = {isa = PBXFileReference; lastKnownFileType = "compiled.mach-o.dylib"; name = libopencv_flann.dylib; path = ../../../../usr/local/lib/libopencv_flann.dylib; sourceTree = "<group>"; };
		87C2555B1FA8591400E327F8 /* libopencv_gpu.dylib */ = {isa = PBXFileReference; lastKnownFileType = "compiled.mach-o.dylib"; name = libopencv_gpu.dylib; path = ../../../../usr/local/lib/libopencv_gpu.dylib; sourceTree = "<group>"; };
		87C2555C1FA8591400E327F8 /* libopencv_photo.dylib */ = {isa = PBXFileReference; lastKnownFileType = "compiled.mach-o.dylib"; name = libopencv_photo.dylib; path = ../../../../usr/local/lib/libopencv_photo.dylib; sourceTree = "<group>"; };
		87C2555D1FA8591400E327F8 /* libopencv_core.2.4.dylib */ = {isa = PBXFileReference; lastKnownFileType = "compiled.mach-o.dylib"; name = libopencv_core.2.4.dylib; path = ../../../../usr/local/lib/libopencv_core.2.4.dylib; sourceTree = "<group>"; };
		87C2555E1FA8591400E327F8 /* libopencv_stitching.dylib */ = {isa = PBXFileReference; lastKnownFileType = "compiled.mach-o.dylib"; name = libopencv_stitching.dylib; path = ../../../../usr/local/lib/libopencv_stitching.dylib; sourceTree = "<group>"; };
		87C2555F1FA8591400E327F8 /* libopencv_contrib.dylib */ = {isa = PBXFileReference; lastKnownFileType = "compiled.mach-o.dylib"; name = libopencv_contrib.dylib; path = ../../../../usr/local/lib/libopencv_contrib.dylib; sourceTree = "<group>"; };
		87C255601FA8591500E327F8 /* libopencv_calib3d.2.4.dylib */ = {isa = PBXFileReference; lastKnownFileType = "compiled.mach-o.dylib"; name = libopencv_calib3d.2.4.dylib; path = ../../../../usr/local/lib/libopencv_calib3d.2.4.dylib; sourceTree = "<group>"; };
		87C255611FA8591500E327F8 /* libopencv_legacy.dylib */ = {isa = PBXFileReference; lastKnownFileType = "compiled.mach-o.dylib"; name = libopencv_legacy.dylib; path = ../../../../usr/local/lib/libopencv_legacy.dylib; sourceTree = "<group>"; };
		87C255621FA8591500E327F8 /* libopencv_features2d.2.4.dylib */ = {isa = PBXFileReference; lastKnownFileType = "compiled.mach-o.dylib"; name = libopencv_features2d.2.4.dylib; path = ../../../../usr/local/lib/libopencv_features2d.2.4.dylib; sourceTree = "<group>"; };
		87C255631FA8591500E327F8 /* libopencv_flann.2.4.13.dylib */ = {isa = PBXFileReference; lastKnownFileType = "compiled.mach-o.dylib"; name = libopencv_flann.2.4.13.dylib; path = ../../../../usr/local/lib/libopencv_flann.2.4.13.dylib; sourceTree = "<group>"; };
		87C255641FA8591500E327F8 /* libopencv_nonfree.2.4.13.dylib */ = {isa = PBXFileReference; lastKnownFileType = "compiled.mach-o.dylib"; name = libopencv_nonfree.2.4.13.dylib; path = ../../../../usr/local/lib/libopencv_nonfree.2.4.13.dylib; sourceTree = "<group>"; };
		87C255651FA8591500E327F8 /* libopencv_stitching.2.4.dylib */ = {isa = PBXFileReference; lastKnownFileType = "compiled.mach-o.dylib"; name = libopencv_stitching.2.4.dylib; path = ../../../../usr/local/lib/libopencv_stitching.2.4.dylib; sourceTree = "<group>"; };
		87C255661FA8591500E327F8 /* libopencv_ml.2.4.dylib */ = {isa = PBXFileReference; lastKnownFileType = "compiled.mach-o.dylib"; name = libopencv_ml.2.4.dylib; path = ../../../../usr/local/lib/libopencv_ml.2.4.dylib; sourceTree = "<group>"; };
		87C255671FA8591600E327F8 /* libopencv_nonfree.dylib */ = {isa = PBXFileReference; lastKnownFileType = "compiled.mach-o.dylib"; name = libopencv_nonfree.dylib; path = ../../../../usr/local/lib/libopencv_nonfree.dylib; sourceTree = "<group>"; };
		87C255681FA8591600E327F8 /* libopencv_objdetect.2.4.13.dylib */ = {isa = PBXFileReference; lastKnownFileType = "compiled.mach-o.dylib"; name = libopencv_objdetect.2.4.13.dylib; path = ../../../../usr/local/lib/libopencv_objdetect.2.4.13.dylib; sourceTree = "<group>"; };
		87C255691FA8591600E327F8 /* libopencv_gpu.2.4.13.dylib */ = {isa = PBXFileReference; lastKnownFileType = "compiled.mach-o.dylib"; name = libopencv_gpu.2.4.13.dylib; path = ../../../../usr/local/lib/libopencv_gpu.2.4.13.dylib; sourceTree = "<group>"; };
		87C2556A1FA8591600E327F8 /* libopencv_imgproc.2.4.13.dylib */ = {isa = PBXFileReference; lastKnownFileType = "compiled.mach-o.dylib"; name = libopencv_imgproc.2.4.13.dylib; path = ../../../../usr/local/lib/libopencv_imgproc.2.4.13.dylib; sourceTree = "<group>"; };
		87C2556B1FA8591600E327F8 /* libopencv_superres.dylib */ = {isa = PBXFileReference; lastKnownFileType = "compiled.mach-o.dylib"; name = libopencv_superres.dylib; path = ../../../../usr/local/lib/libopencv_superres.dylib; sourceTree = "<group>"; };
		87C2556C1FA8591700E327F8 /* libopencv_videostab.2.4.13.dylib */ = {isa = PBXFileReference; lastKnownFileType = "compiled.mach-o.dylib"; name = libopencv_videostab.2.4.13.dylib; path = ../../../../usr/local/lib/libopencv_videostab.2.4.13.dylib; sourceTree = "<group>"; };
		87C2556D1FA8591700E327F8 /* libopencv_core.2.4.13.dylib */ = {isa = PBXFileReference; lastKnownFileType = "compiled.mach-o.dylib"; name = libopencv_core.2.4.13.dylib; path = ../../../../usr/local/lib/libopencv_core.2.4.13.dylib; sourceTree = "<group>"; };
		87C2556E1FA8591700E327F8 /* libopencv_calib3d.2.4.13.dylib */ = {isa = PBXFileReference; lastKnownFileType = "compiled.mach-o.dylib"; name = libopencv_calib3d.2.4.13.dylib; path = ../../../../usr/local/lib/libopencv_calib3d.2.4.13.dylib; sourceTree = "<group>"; };
		87C2556F1FA8591700E327F8 /* libopencv_gpu.2.4.dylib */ = {isa = PBXFileReference; lastKnownFileType = "compiled.mach-o.dylib"; name = libopencv_gpu.2.4.dylib; path = ../../../../usr/local/lib/libopencv_gpu.2.4.dylib; sourceTree = "<group>"; };
		87C255701FA8591800E327F8 /* libopencv_objdetect.dylib */ = {isa = PBXFileReference; lastKnownFileType = "compiled.mach-o.dylib"; name = libopencv_objdetect.dylib; path = ../../../../usr/local/lib/libopencv_objdetect.dylib; sourceTree = "<group>"; };
		87C255711FA8591800E327F8 /* libopencv_ocl.dylib */ = {isa = PBXFileReference; lastKnownFileType = "compiled.mach-o.dylib"; name = libopencv_ocl.dylib; path = ../../../../usr/local/lib/libopencv_ocl.dylib; sourceTree = "<group>"; };
		87C255721FA8591800E327F8 /* libopencv_highgui.2.4.13.dylib */ = {isa = PBXFileReference; lastKnownFileType = "compiled.mach-o.dylib"; name = libopencv_highgui.2.4.13.dylib; path = ../../../../usr/local/lib/libopencv_highgui.2.4.13.dylib; sourceTree = "<group>"; };
		87C255731FA8591800E327F8 /* libopencv_ml.2.4.13.dylib */ = {isa = PBXFileReference; lastKnownFileType = "compiled.mach-o.dylib"; name = libopencv_ml.2.4.13.dylib; path = ../../../../usr/local/lib/libopencv_ml.2.4.13.dylib; sourceTree = "<group>"; };
		87C255741FA8591900E327F8 /* libopencv_video.dylib */ = {isa = PBXFileReference; lastKnownFileType = "compiled.mach-o.dylib"; name = libopencv_video.dylib; path = ../../../../usr/local/lib/libopencv_video.dylib; sourceTree = "<group>"; };
		87C255751FA8591900E327F8 /* libopencv_imgproc.2.4.dylib */ = {isa = PBXFileReference; lastKnownFileType = "compiled.mach-o.dylib"; name = libopencv_imgproc.2.4.dylib; path = ../../../../usr/local/lib/libopencv_imgproc.2.4.dylib; sourceTree = "<group>"; };
		87C255761FA8591900E327F8 /* libopencv_core.dylib */ = {isa = PBXFileReference; lastKnownFileType = "compiled.mach-o.dylib"; name = libopencv_core.dylib; path = ../../../../usr/local/lib/libopencv_core.dylib; sourceTree = "<group>"; };
		87C255771FA8591900E327F8 /* libopencv_flann.2.4.dylib */ = {isa = PBXFileReference; lastKnownFileType = "compiled.mach-o.dylib"; name = libopencv_flann.2.4.dylib; path = ../../../../usr/local/lib/libopencv_flann.2.4.dylib; sourceTree = "<group>"; };
		87C255781FA8591A00E327F8 /* libopencv_videostab.dylib */ = {isa = PBXFileReference; lastKnownFileType = "compiled.mach-o.dylib"; name = libopencv_videostab.dylib; path = ../../../../usr/local/lib/libopencv_videostab.dylib; sourceTree = "<group>"; };
		87C255791FA8591A00E327F8 /* libopencv_legacy.2.4.13.dylib */ = {isa = PBXFileReference; lastKnownFileType = "compiled.mach-o.dylib"; name = libopencv_legacy.2.4.13.dylib; path = ../../../../usr/local/lib/libopencv_legacy.2.4.13.dylib; sourceTree = "<group>"; };
		87C2557A1FA8591A00E327F8 /* libopencv_highgui.dylib */ = {isa = PBXFileReference; lastKnownFileType = "compiled.mach-o.dylib"; name = libopencv_highgui.dylib; path = ../../../../usr/local/lib/libopencv_highgui.dylib; sourceTree = "<group>"; };
		87C2557B1FA8591A00E327F8 /* libopencv_highgui.2.4.dylib */ = {isa = PBXFileReference; lastKnownFileType = "compiled.mach-o.dylib"; name = libopencv_highgui.2.4.dylib; path = ../../../../usr/local/lib/libopencv_highgui.2.4.dylib; sourceTree = "<group>"; };
		87C2557C1FA8591B00E327F8 /* libopencv_contrib.2.4.13.dylib */ = {isa = PBXFileReference; lastKnownFileType = "compiled.mach-o.dylib"; name = libopencv_contrib.2.4.13.dylib; path = ../../../../usr/local/lib/libopencv_contrib.2.4.13.dylib; sourceTree = "<group>"; };
		87C2557D1FA8591B00E327F8 /* libopencv_contrib.2.4.dylib */ = {isa = PBXFileReference; lastKnownFileType = "compiled.mach-o.dylib"; name = libopencv_contrib.2.4.dylib; path = ../../../../usr/local/lib/libopencv_contrib.2.4.dylib; sourceTree = "<group>"; };
		87C2557E1FA8591B00E327F8 /* libopencv_legacy.2.4.dylib */ = {isa = PBXFileReference; lastKnownFileType = "compiled.mach-o.dylib"; name = libopencv_legacy.2.4.dylib; path = ../../../../usr/local/lib/libopencv_legacy.2.4.dylib; sourceTree = "<group>"; };
		87C2557F1FA8591C00E327F8 /* libopencv_ml.dylib */ = {isa = PBXFileReference; lastKnownFileType = "compiled.mach-o.dylib"; name = libopencv_ml.dylib; path = ../../../../usr/local/lib/libopencv_ml.dylib; sourceTree = "<group>"; };
		87C255801FA8591C00E327F8 /* libopencv_objdetect.2.4.dylib */ = {isa = PBXFileReference; lastKnownFileType = "compiled.mach-o.dylib"; name = libopencv_objdetect.2.4.dylib; path = ../../../../usr/local/lib/libopencv_objdetect.2.4.dylib; sourceTree = "<group>"; };
		87C255811FA8591C00E327F8 /* libopencv_features2d.2.4.13.dylib */ = {isa = PBXFileReference; lastKnownFileType = "compiled.mach-o.dylib"; name = libopencv_features2d.2.4.13.dylib; path = ../../../../usr/local/lib/libopencv_features2d.2.4.13.dylib; sourceTree = "<group>"; };
		87C255821FA8591C00E327F8 /* libopencv_calib3d.dylib */ = {isa = PBXFileReference; lastKnownFileType = "compiled.mach-o.dylib"; name = libopencv_calib3d.dylib; path = ../../../../usr/local/lib/libopencv_calib3d.dylib; sourceTree = "<group>"; };
		87C255831FA8591C00E327F8 /* libopencv_ocl.2.4.13.dylib */ = {isa = PBXFileReference; lastKnownFileType = "compiled.mach-o.dylib"; name = libopencv_ocl.2.4.13.dylib; path = ../../../../usr/local/lib/libopencv_ocl.2.4.13.dylib; sourceTree = "<group>"; };
/* End PBXFileReference section */

/* Begin PBXFrameworksBuildPhase section */
		8780D8C41F3ED3A900CD64D4 /* Frameworks */ = {
			isa = PBXFrameworksBuildPhase;
			buildActionMask = 2147483647;
			files = (
				87C2559C1FA8591D00E327F8 /* libopencv_ml.2.4.dylib in Frameworks */,
				87C255AB1FA8591D00E327F8 /* libopencv_imgproc.2.4.dylib in Frameworks */,
				87C255B51FA8591D00E327F8 /* libopencv_ml.dylib in Frameworks */,
				87C2559D1FA8591D00E327F8 /* libopencv_nonfree.dylib in Frameworks */,
				87C255861FA8591C00E327F8 /* libopencv_superres.2.4.13.dylib in Frameworks */,
				87C255871FA8591C00E327F8 /* libopencv_photo.2.4.13.dylib in Frameworks */,
				87C255B41FA8591D00E327F8 /* libopencv_legacy.2.4.dylib in Frameworks */,
				87C255A11FA8591D00E327F8 /* libopencv_superres.dylib in Frameworks */,
				87C255AC1FA8591D00E327F8 /* libopencv_core.dylib in Frameworks */,
				87C255AD1FA8591D00E327F8 /* libopencv_flann.2.4.dylib in Frameworks */,
				87C255961FA8591C00E327F8 /* libopencv_calib3d.2.4.dylib in Frameworks */,
				87C255851FA8591C00E327F8 /* libopencv_stitching.2.4.13.dylib in Frameworks */,
				87C2558B1FA8591C00E327F8 /* libopencv_imgproc.dylib in Frameworks */,
				87C255911FA8591C00E327F8 /* libopencv_gpu.dylib in Frameworks */,
				87C255B81FA8591D00E327F8 /* libopencv_calib3d.dylib in Frameworks */,
				87C255951FA8591C00E327F8 /* libopencv_contrib.dylib in Frameworks */,
				87C255B21FA8591D00E327F8 /* libopencv_contrib.2.4.13.dylib in Frameworks */,
				87C2559A1FA8591C00E327F8 /* libopencv_nonfree.2.4.13.dylib in Frameworks */,
				87C2559E1FA8591D00E327F8 /* libopencv_objdetect.2.4.13.dylib in Frameworks */,
				87C255A71FA8591D00E327F8 /* libopencv_ocl.dylib in Frameworks */,
				87C255921FA8591C00E327F8 /* libopencv_photo.dylib in Frameworks */,
				87C255941FA8591C00E327F8 /* libopencv_stitching.dylib in Frameworks */,
				87C2559F1FA8591D00E327F8 /* libopencv_gpu.2.4.13.dylib in Frameworks */,
				87C255931FA8591C00E327F8 /* libopencv_core.2.4.dylib in Frameworks */,
				87C255901FA8591C00E327F8 /* libopencv_flann.dylib in Frameworks */,
				87C255A01FA8591D00E327F8 /* libopencv_imgproc.2.4.13.dylib in Frameworks */,
				87C255A41FA8591D00E327F8 /* libopencv_calib3d.2.4.13.dylib in Frameworks */,
				87C2558E1FA8591C00E327F8 /* libopencv_videostab.2.4.dylib in Frameworks */,
				87C2558A1FA8591C00E327F8 /* libopencv_nonfree.2.4.dylib in Frameworks */,
				87C255AF1FA8591D00E327F8 /* libopencv_legacy.2.4.13.dylib in Frameworks */,
				87C2558F1FA8591C00E327F8 /* libopencv_ocl.2.4.dylib in Frameworks */,
				87C255A21FA8591D00E327F8 /* libopencv_videostab.2.4.13.dylib in Frameworks */,
				87C255991FA8591C00E327F8 /* libopencv_flann.2.4.13.dylib in Frameworks */,
				87C255A51FA8591D00E327F8 /* libopencv_gpu.2.4.dylib in Frameworks */,
				87C255971FA8591C00E327F8 /* libopencv_legacy.dylib in Frameworks */,
				87C255881FA8591C00E327F8 /* libopencv_superres.2.4.dylib in Frameworks */,
				87C255B31FA8591D00E327F8 /* libopencv_contrib.2.4.dylib in Frameworks */,
				87C255981FA8591C00E327F8 /* libopencv_features2d.2.4.dylib in Frameworks */,
				87C255AE1FA8591D00E327F8 /* libopencv_videostab.dylib in Frameworks */,
				87C255891FA8591C00E327F8 /* libopencv_photo.2.4.dylib in Frameworks */,
				87C255B11FA8591D00E327F8 /* libopencv_highgui.2.4.dylib in Frameworks */,
				87C255B91FA8591D00E327F8 /* libopencv_ocl.2.4.13.dylib in Frameworks */,
				87C255A31FA8591D00E327F8 /* libopencv_core.2.4.13.dylib in Frameworks */,
				87C255A91FA8591D00E327F8 /* libopencv_ml.2.4.13.dylib in Frameworks */,
				87C255AA1FA8591D00E327F8 /* libopencv_video.dylib in Frameworks */,
				87C255B71FA8591D00E327F8 /* libopencv_features2d.2.4.13.dylib in Frameworks */,
				87C255B01FA8591D00E327F8 /* libopencv_highgui.dylib in Frameworks */,
				87C255A61FA8591D00E327F8 /* libopencv_objdetect.dylib in Frameworks */,
				87C2558C1FA8591C00E327F8 /* libopencv_features2d.dylib in Frameworks */,
				87C255841FA8591C00E327F8 /* libopencv_video.2.4.13.dylib in Frameworks */,
				87C2558D1FA8591C00E327F8 /* libopencv_video.2.4.dylib in Frameworks */,
				87C255A81FA8591D00E327F8 /* libopencv_highgui.2.4.13.dylib in Frameworks */,
				87C255B61FA8591D00E327F8 /* libopencv_objdetect.2.4.dylib in Frameworks */,
				87C2559B1FA8591D00E327F8 /* libopencv_stitching.2.4.dylib in Frameworks */,
			);
			runOnlyForDeploymentPostprocessing = 0;
		};
/* End PBXFrameworksBuildPhase section */

/* Begin PBXGroup section */
		8780D8BE1F3ED3A900CD64D4 = {
			isa = PBXGroup;
			children = (
				87C2556E1FA8591700E327F8 /* libopencv_calib3d.2.4.13.dylib */,
				87C255601FA8591500E327F8 /* libopencv_calib3d.2.4.dylib */,
				87C255821FA8591C00E327F8 /* libopencv_calib3d.dylib */,
				87C2557C1FA8591B00E327F8 /* libopencv_contrib.2.4.13.dylib */,
				87C2557D1FA8591B00E327F8 /* libopencv_contrib.2.4.dylib */,
				87C2555F1FA8591400E327F8 /* libopencv_contrib.dylib */,
				87C2556D1FA8591700E327F8 /* libopencv_core.2.4.13.dylib */,
				87C2555D1FA8591400E327F8 /* libopencv_core.2.4.dylib */,
				87C255761FA8591900E327F8 /* libopencv_core.dylib */,
				87C255811FA8591C00E327F8 /* libopencv_features2d.2.4.13.dylib */,
				87C255621FA8591500E327F8 /* libopencv_features2d.2.4.dylib */,
				87C255561FA8591400E327F8 /* libopencv_features2d.dylib */,
				87C255631FA8591500E327F8 /* libopencv_flann.2.4.13.dylib */,
				87C255771FA8591900E327F8 /* libopencv_flann.2.4.dylib */,
				87C2555A1FA8591400E327F8 /* libopencv_flann.dylib */,
				87C255691FA8591600E327F8 /* libopencv_gpu.2.4.13.dylib */,
				87C2556F1FA8591700E327F8 /* libopencv_gpu.2.4.dylib */,
				87C2555B1FA8591400E327F8 /* libopencv_gpu.dylib */,
				87C255721FA8591800E327F8 /* libopencv_highgui.2.4.13.dylib */,
				87C2557B1FA8591A00E327F8 /* libopencv_highgui.2.4.dylib */,
				87C2557A1FA8591A00E327F8 /* libopencv_highgui.dylib */,
				87C2556A1FA8591600E327F8 /* libopencv_imgproc.2.4.13.dylib */,
				87C255751FA8591900E327F8 /* libopencv_imgproc.2.4.dylib */,
				87C255551FA8591400E327F8 /* libopencv_imgproc.dylib */,
				87C255791FA8591A00E327F8 /* libopencv_legacy.2.4.13.dylib */,
				87C2557E1FA8591B00E327F8 /* libopencv_legacy.2.4.dylib */,
				87C255611FA8591500E327F8 /* libopencv_legacy.dylib */,
				87C255731FA8591800E327F8 /* libopencv_ml.2.4.13.dylib */,
				87C255661FA8591500E327F8 /* libopencv_ml.2.4.dylib */,
				87C2557F1FA8591C00E327F8 /* libopencv_ml.dylib */,
				87C255641FA8591500E327F8 /* libopencv_nonfree.2.4.13.dylib */,
				87C255541FA8591300E327F8 /* libopencv_nonfree.2.4.dylib */,
				87C255671FA8591600E327F8 /* libopencv_nonfree.dylib */,
				87C255681FA8591600E327F8 /* libopencv_objdetect.2.4.13.dylib */,
				87C255801FA8591C00E327F8 /* libopencv_objdetect.2.4.dylib */,
				87C255701FA8591800E327F8 /* libopencv_objdetect.dylib */,
				87C255831FA8591C00E327F8 /* libopencv_ocl.2.4.13.dylib */,
				87C255591FA8591400E327F8 /* libopencv_ocl.2.4.dylib */,
				87C255711FA8591800E327F8 /* libopencv_ocl.dylib */,
				87C255511FA8591300E327F8 /* libopencv_photo.2.4.13.dylib */,
				87C255531FA8591300E327F8 /* libopencv_photo.2.4.dylib */,
				87C2555C1FA8591400E327F8 /* libopencv_photo.dylib */,
				87C2554F1FA8591300E327F8 /* libopencv_stitching.2.4.13.dylib */,
				87C255651FA8591500E327F8 /* libopencv_stitching.2.4.dylib */,
				87C2555E1FA8591400E327F8 /* libopencv_stitching.dylib */,
				87C255501FA8591300E327F8 /* libopencv_superres.2.4.13.dylib */,
				87C255521FA8591300E327F8 /* libopencv_superres.2.4.dylib */,
				87C2556B1FA8591600E327F8 /* libopencv_superres.dylib */,
				87C2554E1FA8591300E327F8 /* libopencv_video.2.4.13.dylib */,
				87C255571FA8591400E327F8 /* libopencv_video.2.4.dylib */,
				87C255741FA8591900E327F8 /* libopencv_video.dylib */,
				87C2556C1FA8591700E327F8 /* libopencv_videostab.2.4.13.dylib */,
				87C255581FA8591400E327F8 /* libopencv_videostab.2.4.dylib */,
				87C255781FA8591A00E327F8 /* libopencv_videostab.dylib */,
				8780D8C91F3ED3A900CD64D4 /* HandDetectUsingCircle */,
				8780D8C81F3ED3A900CD64D4 /* Products */,
			);
			sourceTree = "<group>";
		};
		8780D8C81F3ED3A900CD64D4 /* Products */ = {
			isa = PBXGroup;
			children = (
				8780D8C71F3ED3A900CD64D4 /* HandDetectUsingCircle */,
			);
			name = Products;
			sourceTree = "<group>";
		};
		8780D8C91F3ED3A900CD64D4 /* HandDetectUsingCircle */ = {
			isa = PBXGroup;
			children = (
				8780D8CA1F3ED3A900CD64D4 /* circle.cpp */,
			);
			path = HandDetectUsingCircle;
			sourceTree = "<group>";
		};
/* End PBXGroup section */

/* Begin PBXNativeTarget section */
		8780D8C61F3ED3A900CD64D4 /* HandDetectUsingCircle */ = {
			isa = PBXNativeTarget;
			buildConfigurationList = 8780D8CE1F3ED3A900CD64D4 /* Build configuration list for PBXNativeTarget "HandDetectUsingCircle" */;
			buildPhases = (
				8780D8C31F3ED3A900CD64D4 /* Sources */,
				8780D8C41F3ED3A900CD64D4 /* Frameworks */,
				8780D8C51F3ED3A900CD64D4 /* CopyFiles */,
			);
			buildRules = (
			);
			dependencies = (
			);
			name = HandDetectUsingCircle;
			productName = HandDetectUsingCircle;
			productReference = 8780D8C71F3ED3A900CD64D4 /* HandDetectUsingCircle */;
			productType = "com.apple.product-type.tool";
		};
/* End PBXNativeTarget section */

/* Begin PBXProject section */
		8780D8BF1F3ED3A900CD64D4 /* Project object */ = {
			isa = PBXProject;
			attributes = {
				LastUpgradeCheck = 0830;
				ORGANIZATIONNAME = "하정수";
				TargetAttributes = {
					8780D8C61F3ED3A900CD64D4 = {
						CreatedOnToolsVersion = 8.3.3;
						ProvisioningStyle = Automatic;
					};
				};
			};
			buildConfigurationList = 8780D8C21F3ED3A900CD64D4 /* Build configuration list for PBXProject "HandDetectUsingCircle" */;
			compatibilityVersion = "Xcode 3.2";
			developmentRegion = English;
			hasScannedForEncodings = 0;
			knownRegions = (
				en,
			);
			mainGroup = 8780D8BE1F3ED3A900CD64D4;
			productRefGroup = 8780D8C81F3ED3A900CD64D4 /* Products */;
			projectDirPath = "";
			projectRoot = "";
			targets = (
				8780D8C61F3ED3A900CD64D4 /* HandDetectUsingCircle */,
			);
		};
/* End PBXProject section */

/* Begin PBXSourcesBuildPhase section */
		8780D8C31F3ED3A900CD64D4 /* Sources */ = {
			isa = PBXSourcesBuildPhase;
			buildActionMask = 2147483647;
			files = (
				8780D8CB1F3ED3A900CD64D4 /* circle.cpp in Sources */,
			);
			runOnlyForDeploymentPostprocessing = 0;
		};
/* End PBXSourcesBuildPhase section */

/* Begin XCBuildConfiguration section */
		8780D8CC1F3ED3A900CD64D4 /* Debug */ = {
			isa = XCBuildConfiguration;
			buildSettings = {
				ALWAYS_SEARCH_USER_PATHS = NO;
				CLANG_ANALYZER_NONNULL = YES;
				CLANG_ANALYZER_NUMBER_OBJECT_CONVERSION = YES_AGGRESSIVE;
				CLANG_CXX_LANGUAGE_STANDARD = "gnu++0x";
				CLANG_CXX_LIBRARY = "libc++";
				CLANG_ENABLE_MODULES = YES;
				CLANG_ENABLE_OBJC_ARC = YES;
				CLANG_WARN_BOOL_CONVERSION = YES;
				CLANG_WARN_CONSTANT_CONVERSION = YES;
				CLANG_WARN_DIRECT_OBJC_ISA_USAGE = YES_ERROR;
				CLANG_WARN_DOCUMENTATION_COMMENTS = YES;
				CLANG_WARN_EMPTY_BODY = YES;
				CLANG_WARN_ENUM_CONVERSION = YES;
				CLANG_WARN_INFINITE_RECURSION = YES;
				CLANG_WARN_INT_CONVERSION = YES;
				CLANG_WARN_OBJC_ROOT_CLASS = YES_ERROR;
				CLANG_WARN_SUSPICIOUS_MOVE = YES;
				CLANG_WARN_UNREACHABLE_CODE = YES;
				CLANG_WARN__DUPLICATE_METHOD_MATCH = YES;
				CODE_SIGN_IDENTITY = "-";
				COPY_PHASE_STRIP = NO;
				DEBUG_INFORMATION_FORMAT = dwarf;
				ENABLE_STRICT_OBJC_MSGSEND = YES;
				ENABLE_TESTABILITY = YES;
				GCC_C_LANGUAGE_STANDARD = gnu99;
				GCC_DYNAMIC_NO_PIC = NO;
				GCC_NO_COMMON_BLOCKS = YES;
				GCC_OPTIMIZATION_LEVEL = 0;
				GCC_PREPROCESSOR_DEFINITIONS = (
					"DEBUG=1",
					"$(inherited)",
				);
				GCC_WARN_64_TO_32_BIT_CONVERSION = YES;
				GCC_WARN_ABOUT_RETURN_TYPE = YES_ERROR;
				GCC_WARN_UNDECLARED_SELECTOR = YES;
				GCC_WARN_UNINITIALIZED_AUTOS = YES_AGGRESSIVE;
				GCC_WARN_UNUSED_FUNCTION = YES;
				GCC_WARN_UNUSED_VARIABLE = YES;
				MACOSX_DEPLOYMENT_TARGET = 10.12;
				MTL_ENABLE_DEBUG_INFO = YES;
				ONLY_ACTIVE_ARCH = YES;
				SDKROOT = macosx;
			};
			name = Debug;
		};
		8780D8CD1F3ED3A900CD64D4 /* Release */ = {
			isa = XCBuildConfiguration;
			buildSettings = {
				ALWAYS_SEARCH_USER_PATHS = NO;
				CLANG_ANALYZER_NONNULL = YES;
				CLANG_ANALYZER_NUMBER_OBJECT_CONVERSION = YES_AGGRESSIVE;
				CLANG_CXX_LANGUAGE_STANDARD = "gnu++0x";
				CLANG_CXX_LIBRARY = "libc++";
				CLANG_ENABLE_MODULES = YES;
				CLANG_ENABLE_OBJC_ARC = YES;
				CLANG_WARN_BOOL_CONVERSION = YES;
				CLANG_WARN_CONSTANT_CONVERSION = YES;
				CLANG_WARN_DIRECT_OBJC_ISA_USAGE = YES_ERROR;
				CLANG_WARN_DOCUMENTATION_COMMENTS = YES;
				CLANG_WARN_EMPTY_BODY = YES;
				CLANG_WARN_ENUM_CONVERSION = YES;
				CLANG_WARN_INFINITE_RECURSION = YES;
				CLANG_WARN_INT_CONVERSION = YES;
				CLANG_WARN_OBJC_ROOT_CLASS = YES_ERROR;
				CLANG_WARN_SUSPICIOUS_MOVE = YES;
				CLANG_WARN_UNREACHABLE_CODE = YES;
				CLANG_WARN__DUPLICATE_METHOD_MATCH = YES;
				CODE_SIGN_IDENTITY = "-";
				COPY_PHASE_STRIP = NO;
				DEBUG_INFORMATION_FORMAT = "dwarf-with-dsym";
				ENABLE_NS_ASSERTIONS = NO;
				ENABLE_STRICT_OBJC_MSGSEND = YES;
				GCC_C_LANGUAGE_STANDARD = gnu99;
				GCC_NO_COMMON_BLOCKS = YES;
				GCC_WARN_64_TO_32_BIT_CONVERSION = YES;
				GCC_WARN_ABOUT_RETURN_TYPE = YES_ERROR;
				GCC_WARN_UNDECLARED_SELECTOR = YES;
				GCC_WARN_UNINITIALIZED_AUTOS = YES_AGGRESSIVE;
				GCC_WARN_UNUSED_FUNCTION = YES;
				GCC_WARN_UNUSED_VARIABLE = YES;
				MACOSX_DEPLOYMENT_TARGET = 10.12;
				MTL_ENABLE_DEBUG_INFO = NO;
				SDKROOT = macosx;
			};
			name = Release;
		};
		8780D8CF1F3ED3A900CD64D4 /* Debug */ = {
			isa = XCBuildConfiguration;
			buildSettings = {
				ALWAYS_SEARCH_USER_PATHS = NO;
				FRAMEWORK_SEARCH_PATHS = "";
				HEADER_SEARCH_PATHS = /usr/local/include;
				LIBRARY_SEARCH_PATHS = /usr/local/lib;
				PRODUCT_NAME = "$(TARGET_NAME)";
			};
			name = Debug;
		};
		8780D8D01F3ED3A900CD64D4 /* Release */ = {
			isa = XCBuildConfiguration;
			buildSettings = {
				ALWAYS_SEARCH_USER_PATHS = NO;
				FRAMEWORK_SEARCH_PATHS = "";
				HEADER_SEARCH_PATHS = /usr/local/include;
				LIBRARY_SEARCH_PATHS = /usr/local/lib;
				PRODUCT_NAME = "$(TARGET_NAME)";
			};
			name = Release;
		};
/* End XCBuildConfiguration section */

/* Begin XCConfigurationList section */
		8780D8C21F3ED3A900CD64D4 /* Build configuration list for PBXProject "HandDetectUsingCircle" */ = {
			isa = XCConfigurationList;
			buildConfigurations = (
				8780D8CC1F3ED3A900CD64D4 /* Debug */,
				8780D8CD1F3ED3A900CD64D4 /* Release */,
			);
			defaultConfigurationIsVisible = 0;
			defaultConfigurationName = Release;
		};
		8780D8CE1F3ED3A900CD64D4 /* Build configuration list for PBXNativeTarget "HandDetectUsingCircle" */ = {
			isa = XCConfigurationList;
			buildConfigurations = (
				8780D8CF1F3ED3A900CD64D4 /* Debug */,
				8780D8D01F3ED3A900CD64D4 /* Release */,
			);
			defaultConfigurationIsVisible = 0;
			defaultConfigurationName = Release;
		};
/* End XCConfigurationList section */
	};
	rootObject = 8780D8BF1F3ED3A900CD64D4 /* Project object */;
}
